
Microsoft Visual Studio Solution File, Format Version 12.00
# Visual Studio Version 16
VisualStudioVersion = 16.0.32002.261
MinimumVisualStudioVersion = 10.0.40219.1
Project("{FAE04EC0-301F-11D3-BF4B-00C04F79EFBC}") = "TaxManager", "TaxManager\TaxManager.csproj", "{7E6401C9-43CC-4FCB-8357-485A3D48296B}"
EndProject
Project("{FAE04EC0-301F-11D3-BF4B-00C04F79EFBC}") = "TaxTest", "TaxTest\TaxTest.csproj", "{A9ED5FC0-A43F-4813-9BCC-F3C2524BA325}"
EndProject
Global
	GlobalSection(SolutionConfigurationPlatforms) = preSolution
		Debug|Any CPU = Debug|Any CPU
		Release|Any CPU = Release|Any CPU
	EndGlobalSection
	GlobalSection(ProjectConfigurationPlatforms) = postSolution
		{7E6401C9-43CC-4FCB-8357-485A3D48296B}.Debug|Any CPU.ActiveCfg = Debug|Any CPU
		{7E6401C9-43CC-4FCB-8357-485A3D48296B}.Debug|Any CPU.Build.0 = Debug|Any CPU
		{7E6401C9-43CC-4FCB-8357-485A3D48296B}.Release|Any CPU.ActiveCfg = Release|Any CPU
		{7E6401C9-43CC-4FCB-8357-485A3D48296B}.Release|Any CPU.Build.0 = Release|Any CPU
		{A9ED5FC0-A43F-4813-9BCC-F3C2524BA325}.Debug|Any CPU.ActiveCfg = Debug|Any CPU
		{A9ED5FC0-A43F-4813-9BCC-F3C2524BA325}.Debug|Any CPU.Build.0 = Debug|Any CPU
		{A9ED5FC0-A43F-4813-9BCC-F3C2524BA325}.Release|Any CPU.ActiveCfg = Release|Any CPU
		{A9ED5FC0-A43F-4813-9BCC-F3C2524BA325}.Release|Any CPU.Build.0 = Release|Any CPU
	EndGlobalSection
	GlobalSection(SolutionProperties) = preSolution
		HideSolutionNode = FALSE
	EndGlobalSection
	GlobalSection(ExtensibilityGlobals) = postSolution
		SolutionGuid = {2ADEA86D-3455-4F93-879E-72DBFBC42624}
	EndGlobalSection
EndGlobal
